
Microsoft Visual Studio Solution File, Format Version 12.00
# Visual Studio 2013
VisualStudioVersion = 12.0.21005.1
MinimumVisualStudioVersion = 10.0.40219.1
Project("{FAE04EC0-301F-11D3-BF4B-00C04F79EFBC}") = "BlockBlaster", "BlockBlaster\BlockBlaster.csproj", "{EC40DBED-1BE3-49EE-B860-8E4E37A939BB}"
EndProject
Project("{FAE04EC0-301F-11D3-BF4B-00C04F79EFBC}") = "HighScoreSvc", "HighScoreSvc\HighScoreSvc.csproj", "{852AB788-3DD8-4E35-8F60-C6C18C660ACF}"
EndProject
Project("{FAE04EC0-301F-11D3-BF4B-00C04F79EFBC}") = "HighScoreSvc.Tests", "HighScoreSvc.Tests\HighScoreSvc.Tests.csproj", "{C0510D2F-0DE4-4FC2-BCB4-34BCA995D46B}"
EndProject
Global
	GlobalSection(SolutionConfigurationPlatforms) = preSolution
		Debug|Any CPU = Debug|Any CPU
		Debug|Mixed Platforms = Debug|Mixed Platforms
		Debug|x86 = Debug|x86
		Release|Any CPU = Release|Any CPU
		Release|Mixed Platforms = Release|Mixed Platforms
		Release|x86 = Release|x86
	EndGlobalSection
	GlobalSection(ProjectConfigurationPlatforms) = postSolution
		{EC40DBED-1BE3-49EE-B860-8E4E37A939BB}.Debug|Any CPU.ActiveCfg = Debug|x86
		{EC40DBED-1BE3-49EE-B860-8E4E37A939BB}.Debug|Mixed Platforms.ActiveCfg = Debug|x86
		{EC40DBED-1BE3-49EE-B860-8E4E37A939BB}.Debug|Mixed Platforms.Build.0 = Debug|x86
		{EC40DBED-1BE3-49EE-B860-8E4E37A939BB}.Debug|x86.ActiveCfg = Debug|x86
		{EC40DBED-1BE3-49EE-B860-8E4E37A939BB}.Debug|x86.Build.0 = Debug|x86
		{EC40DBED-1BE3-49EE-B860-8E4E37A939BB}.Release|Any CPU.ActiveCfg = Release|x86
		{EC40DBED-1BE3-49EE-B860-8E4E37A939BB}.Release|Mixed Platforms.ActiveCfg = Release|x86
		{EC40DBED-1BE3-49EE-B860-8E4E37A939BB}.Release|Mixed Platforms.Build.0 = Release|x86
		{EC40DBED-1BE3-49EE-B860-8E4E37A939BB}.Release|x86.ActiveCfg = Release|x86
		{EC40DBED-1BE3-49EE-B860-8E4E37A939BB}.Release|x86.Build.0 = Release|x86
		{852AB788-3DD8-4E35-8F60-C6C18C660ACF}.Debug|Any CPU.ActiveCfg = Debug|Any CPU
		{852AB788-3DD8-4E35-8F60-C6C18C660ACF}.Debug|Any CPU.Build.0 = Debug|Any CPU
		{852AB788-3DD8-4E35-8F60-C6C18C660ACF}.Debug|Mixed Platforms.ActiveCfg = Debug|Any CPU
		{852AB788-3DD8-4E35-8F60-C6C18C660ACF}.Debug|Mixed Platforms.Build.0 = Debug|Any CPU
		{852AB788-3DD8-4E35-8F60-C6C18C660ACF}.Debug|x86.ActiveCfg = Debug|Any CPU
		{852AB788-3DD8-4E35-8F60-C6C18C660ACF}.Release|Any CPU.ActiveCfg = Release|Any CPU
		{852AB788-3DD8-4E35-8F60-C6C18C660ACF}.Release|Any CPU.Build.0 = Release|Any CPU
		{852AB788-3DD8-4E35-8F60-C6C18C660ACF}.Release|Mixed Platforms.ActiveCfg = Release|Any CPU
		{852AB788-3DD8-4E35-8F60-C6C18C660ACF}.Release|Mixed Platforms.Build.0 = Release|Any CPU
		{852AB788-3DD8-4E35-8F60-C6C18C660ACF}.Release|x86.ActiveCfg = Release|Any CPU
		{C0510D2F-0DE4-4FC2-BCB4-34BCA995D46B}.Debug|Any CPU.ActiveCfg = Debug|Any CPU
		{C0510D2F-0DE4-4FC2-BCB4-34BCA995D46B}.Debug|Any CPU.Build.0 = Debug|Any CPU
		{C0510D2F-0DE4-4FC2-BCB4-34BCA995D46B}.Debug|Mixed Platforms.ActiveCfg = Debug|Any CPU
		{C0510D2F-0DE4-4FC2-BCB4-34BCA995D46B}.Debug|Mixed Platforms.Build.0 = Debug|Any CPU
		{C0510D2F-0DE4-4FC2-BCB4-34BCA995D46B}.Debug|x86.ActiveCfg = Debug|Any CPU
		{C0510D2F-0DE4-4FC2-BCB4-34BCA995D46B}.Release|Any CPU.ActiveCfg = Release|Any CPU
		{C0510D2F-0DE4-4FC2-BCB4-34BCA995D46B}.Release|Any CPU.Build.0 = Release|Any CPU
		{C0510D2F-0DE4-4FC2-BCB4-34BCA995D46B}.Release|Mixed Platforms.ActiveCfg = Release|Any CPU
		{C0510D2F-0DE4-4FC2-BCB4-34BCA995D46B}.Release|Mixed Platforms.Build.0 = Release|Any CPU
		{C0510D2F-0DE4-4FC2-BCB4-34BCA995D46B}.Release|x86.ActiveCfg = Release|Any CPU
	EndGlobalSection
	GlobalSection(SolutionProperties) = preSolution
		HideSolutionNode = FALSE
	EndGlobalSection
EndGlobal
